// !$*UTF8*$!
{
	archiveVersion = 1;
	classes = {
	};
	objectVersion = 50;
	objects = {

/* Begin PBXBuildFile section */
		91CECAE12624CC1B00A0745B /* Kosciol_Filadelfia_App_FinalApp.swift in Sources */ = {isa = PBXBuildFile; fileRef = 91CECAE02624CC1B00A0745B /* Kosciol_Filadelfia_App_FinalApp.swift */; };
		91CECAE32624CC1B00A0745B /* ContentView.swift in Sources */ = {isa = PBXBuildFile; fileRef = 91CECAE22624CC1B00A0745B /* ContentView.swift */; };
		91CECAE52624CC1D00A0745B /* Assets.xcassets in Resources */ = {isa = PBXBuildFile; fileRef = 91CECAE42624CC1D00A0745B /* Assets.xcassets */; };
		91CECAE82624CC1D00A0745B /* Preview Assets.xcassets in Resources */ = {isa = PBXBuildFile; fileRef = 91CECAE72624CC1D00A0745B /* Preview Assets.xcassets */; };
/* End PBXBuildFile section */

/* Begin PBXFileReference section */
		91CECADD2624CC1B00A0745B /* Kosciol_Filadelfia_App_Final.app */ = {isa = PBXFileReference; explicitFileType = wrapper.application; includeInIndex = 0; path = Kosciol_Filadelfia_App_Final.app; sourceTree = BUILT_PRODUCTS_DIR; };
		91CECAE02624CC1B00A0745B /* Kosciol_Filadelfia_App_FinalApp.swift */ = {isa = PBXFileReference; lastKnownFileType = sourcecode.swift; path = Kosciol_Filadelfia_App_FinalApp.swift; sourceTree = "<group>"; };
		91CECAE22624CC1B00A0745B /* ContentView.swift */ = {isa = PBXFileReference; lastKnownFileType = sourcecode.swift; path = ContentView.swift; sourceTree = "<group>"; };
		91CECAE42624CC1D00A0745B /* Assets.xcassets */ = {isa = PBXFileReference; lastKnownFileType = folder.assetcatalog; path = Assets.xcassets; sourceTree = "<group>"; };
		91CECAE72624CC1D00A0745B /* Preview Assets.xcassets */ = {isa = PBXFileReference; lastKnownFileType = folder.assetcatalog; path = "Preview Assets.xcassets"; sourceTree = "<group>"; };
		91CECAE92624CC1D00A0745B /* Info.plist */ = {isa = PBXFileReference; lastKnownFileType = text.plist.xml; path = Info.plist; sourceTree = "<group>"; };
/* End PBXFileReference section */

/* Begin PBXFrameworksBuildPhase section */
		91CECADA2624CC1B00A0745B /* Frameworks */ = {
			isa = PBXFrameworksBuildPhase;
			buildActionMask = 2147483647;
			files = (
			);
			runOnlyForDeploymentPostprocessing = 0;
		};
/* End PBXFrameworksBuildPhase section */

/* Begin PBXGroup section */
		91CECAD42624CC1B00A0745B = {
			isa = PBXGroup;
			children = (
				91CECADF2624CC1B00A0745B /* Kosciol_Filadelfia_App_Final */,
				91CECADE2624CC1B00A0745B /* Products */,
			);
			sourceTree = "<group>";
		};
		91CECADE2624CC1B00A0745B /* Products */ = {
			isa = PBXGroup;
			children = (
				91CECADD2624CC1B00A0745B /* Kosciol_Filadelfia_App_Final.app */,
			);
			name = Products;
			sourceTree = "<group>";
		};
		91CECADF2624CC1B00A0745B /* Kosciol_Filadelfia_App_Final */ = {
			isa = PBXGroup;
			children = (
				91CECAE02624CC1B00A0745B /* Kosciol_Filadelfia_App_FinalApp.swift */,
				91CECAE22624CC1B00A0745B /* ContentView.swift */,
				91CECAE42624CC1D00A0745B /* Assets.xcassets */,
				91CECAE92624CC1D00A0745B /* Info.plist */,
				91CECAE62624CC1D00A0745B /* Preview Content */,
			);
			path = Kosciol_Filadelfia_App_Final;
			sourceTree = "<group>";
		};
		91CECAE62624CC1D00A0745B /* Preview Content */ = {
			isa = PBXGroup;
			children = (
				91CECAE72624CC1D00A0745B /* Preview Assets.xcassets */,
			);
			path = "Preview Content";
			sourceTree = "<group>";
		};
/* End PBXGroup section */

/* Begin PBXNativeTarget section */
		91CECADC2624CC1B00A0745B /* Kosciol_Filadelfia_App_Final */ = {
			isa = PBXNativeTarget;
			buildConfigurationList = 91CECAEC2624CC1D00A0745B /* Build configuration list for PBXNativeTarget "Kosciol_Filadelfia_App_Final" */;
			buildPhases = (
				91CECAD92624CC1B00A0745B /* Sources */,
				91CECADA2624CC1B00A0745B /* Frameworks */,
				91CECADB2624CC1B00A0745B /* Resources */,
			);
			buildRules = (
			);
			dependencies = (
			);
			name = Kosciol_Filadelfia_App_Final;
			productName = Kosciol_Filadelfia_App_Final;
			productReference = 91CECADD2624CC1B00A0745B /* Kosciol_Filadelfia_App_Final.app */;
			productType = "com.apple.product-type.application";
		};
/* End PBXNativeTarget section */

/* Begin PBXProject section */
		91CECAD52624CC1B00A0745B /* Project object */ = {
			isa = PBXProject;
			attributes = {
				LastSwiftUpdateCheck = 1240;
				LastUpgradeCheck = 1240;
				TargetAttributes = {
					91CECADC2624CC1B00A0745B = {
						CreatedOnToolsVersion = 12.4;
					};
				};
			};
			buildConfigurationList = 91CECAD82624CC1B00A0745B /* Build configuration list for PBXProject "Kosciol_Filadelfia_App_Final" */;
			compatibilityVersion = "Xcode 9.3";
			developmentRegion = en;
			hasScannedForEncodings = 0;
			knownRegions = (
				en,
				Base,
			);
			mainGroup = 91CECAD42624CC1B00A0745B;
			productRefGroup = 91CECADE2624CC1B00A0745B /* Products */;
			projectDirPath = "";
			projectRoot = "";
			targets = (
				91CECADC2624CC1B00A0745B /* Kosciol_Filadelfia_App_Final */,
			);
		};
/* End PBXProject section */

/* Begin PBXResourcesBuildPhase section */
		91CECADB2624CC1B00A0745B /* Resources */ = {
			isa = PBXResourcesBuildPhase;
			buildActionMask = 2147483647;
			files = (
				91CECAE82624CC1D00A0745B /* Preview Assets.xcassets in Resources */,
				91CECAE52624CC1D00A0745B /* Assets.xcassets in Resources */,
			);
			runOnlyForDeploymentPostprocessing = 0;
		};
/* End PBXResourcesBuildPhase section */

/* Begin PBXSourcesBuildPhase section */
		91CECAD92624CC1B00A0745B /* Sources */ = {
			isa = PBXSourcesBuildPhase;
			buildActionMask = 2147483647;
			files = (
				91CECAE32624CC1B00A0745B /* ContentView.swift in Sources */,
				91CECAE12624CC1B00A0745B /* Kosciol_Filadelfia_App_FinalApp.swift in Sources */,
			);
			runOnlyForDeploymentPostprocessing = 0;
		};
/* End PBXSourcesBuildPhase section */

/* Begin XCBuildConfiguration section */
		91CECAEA2624CC1D00A0745B /* Debug */ = {
			isa = XCBuildConfiguration;
			buildSettings = {
				ALWAYS_SEARCH_USER_PATHS = NO;
				CLANG_ANALYZER_NONNULL = YES;
				CLANG_ANALYZER_NUMBER_OBJECT_CONVERSION = YES_AGGRESSIVE;
				CLANG_CXX_LANGUAGE_STANDARD = "gnu++14";
				CLANG_CXX_LIBRARY = "libc++";
				CLANG_ENABLE_MODULES = YES;
				CLANG_ENABLE_OBJC_ARC = YES;
				CLANG_ENABLE_OBJC_WEAK = YES;
				CLANG_WARN_BLOCK_CAPTURE_AUTORELEASING = YES;
				CLANG_WARN_BOOL_CONVERSION = YES;
				CLANG_WARN_COMMA = YES;
				CLANG_WARN_CONSTANT_CONVERSION = YES;
				CLANG_WARN_DEPRECATED_OBJC_IMPLEMENTATIONS = YES;
				CLANG_WARN_DIRECT_OBJC_ISA_USAGE = YES_ERROR;
				CLANG_WARN_DOCUMENTATION_COMMENTS = YES;
				CLANG_WARN_EMPTY_BODY = YES;
				CLANG_WARN_ENUM_CONVERSION = YES;
				CLANG_WARN_INFINITE_RECURSION = YES;
				CLANG_WARN_INT_CONVERSION = YES;
				CLANG_WARN_NON_LITERAL_NULL_CONVERSION = YES;
				CLANG_WARN_OBJC_IMPLICIT_RETAIN_SELF = YES;
				CLANG_WARN_OBJC_LITERAL_CONVERSION = YES;
				CLANG_WARN_OBJC_ROOT_CLASS = YES_ERROR;
				CLANG_WARN_QUOTED_INCLUDE_IN_FRAMEWORK_HEADER = YES;
				CLANG_WARN_RANGE_LOOP_ANALYSIS = YES;
				CLANG_WARN_STRICT_PROTOTYPES = YES;
				CLANG_WARN_SUSPICIOUS_MOVE = YES;
				CLANG_WARN_UNGUARDED_AVAILABILITY = YES_AGGRESSIVE;
				CLANG_WARN_UNREACHABLE_CODE = YES;
				CLANG_WARN__DUPLICATE_METHOD_MATCH = YES;
				COPY_PHASE_STRIP = NO;
				DEBUG_INFORMATION_FORMAT = dwarf;
				ENABLE_STRICT_OBJC_MSGSEND = YES;
				ENABLE_TESTABILITY = YES;
				GCC_C_LANGUAGE_STANDARD = gnu11;
				GCC_DYNAMIC_NO_PIC = NO;
				GCC_NO_COMMON_BLOCKS = YES;
				GCC_OPTIMIZATION_LEVEL = 0;
				GCC_PREPROCESSOR_DEFINITIONS = (
					"DEBUG=1",
					"$(inherited)",
				);
				GCC_WARN_64_TO_32_BIT_CONVERSION = YES;
				GCC_WARN_ABOUT_RETURN_TYPE = YES_ERROR;
				GCC_WARN_UNDECLARED_SELECTOR = YES;
				GCC_WARN_UNINITIALIZED_AUTOS = YES_AGGRESSIVE;
				GCC_WARN_UNUSED_FUNCTION = YES;
				GCC_WARN_UNUSED_VARIABLE = YES;
				IPHONEOS_DEPLOYMENT_TARGET = 14.4;
				MTL_ENABLE_DEBUG_INFO = INCLUDE_SOURCE;
				MTL_FAST_MATH = YES;
				ONLY_ACTIVE_ARCH = YES;
				SDKROOT = iphoneos;
				SWIFT_ACTIVE_COMPILATION_CONDITIONS = DEBUG;
				SWIFT_OPTIMIZATION_LEVEL = "-Onone";
			};
			name = Debug;
		};
		91CECAEB2624CC1D00A0745B /* Release */ = {
			isa = XCBuildConfiguration;
			buildSettings = {
				ALWAYS_SEARCH_USER_PATHS = NO;
				CLANG_ANALYZER_NONNULL = YES;
				CLANG_ANALYZER_NUMBER_OBJECT_CONVERSION = YES_AGGRESSIVE;
				CLANG_CXX_LANGUAGE_STANDARD = "gnu++14";
				CLANG_CXX_LIBRARY = "libc++";
				CLANG_ENABLE_MODULES = YES;
				CLANG_ENABLE_OBJC_ARC = YES;
				CLANG_ENABLE_OBJC_WEAK = YES;
				CLANG_WARN_BLOCK_CAPTURE_AUTORELEASING = YES;
				CLANG_WARN_BOOL_CONVERSION = YES;
				CLANG_WARN_COMMA = YES;
				CLANG_WARN_CONSTANT_CONVERSION = YES;
				CLANG_WARN_DEPRECATED_OBJC_IMPLEMENTATIONS = YES;
				CLANG_WARN_DIRECT_OBJC_ISA_USAGE = YES_ERROR;
				CLANG_WARN_DOCUMENTATION_COMMENTS = YES;
				CLANG_WARN_EMPTY_BODY = YES;
				CLANG_WARN_ENUM_CONVERSION = YES;
				CLANG_WARN_INFINITE_RECURSION = YES;
				CLANG_WARN_INT_CONVERSION = YES;
				CLANG_WARN_NON_LITERAL_NULL_CONVERSION = YES;
				CLANG_WARN_OBJC_IMPLICIT_RETAIN_SELF = YES;
				CLANG_WARN_OBJC_LITERAL_CONVERSION = YES;
				CLANG_WARN_OBJC_ROOT_CLASS = YES_ERROR;
				CLANG_WARN_QUOTED_INCLUDE_IN_FRAMEWORK_HEADER = YES;
				CLANG_WARN_RANGE_LOOP_ANALYSIS = YES;
				CLANG_WARN_STRICT_PROTOTYPES = YES;
				CLANG_WARN_SUSPICIOUS_MOVE = YES;
				CLANG_WARN_UNGUARDED_AVAILABILITY = YES_AGGRESSIVE;
				CLANG_WARN_UNREACHABLE_CODE = YES;
				CLANG_WARN__DUPLICATE_METHOD_MATCH = YES;
				COPY_PHASE_STRIP = NO;
				DEBUG_INFORMATION_FORMAT = "dwarf-with-dsym";
				ENABLE_NS_ASSERTIONS = NO;
				ENABLE_STRICT_OBJC_MSGSEND = YES;
				GCC_C_LANGUAGE_STANDARD = gnu11;
				GCC_NO_COMMON_BLOCKS = YES;
				GCC_WARN_64_TO_32_BIT_CONVERSION = YES;
				GCC_WARN_ABOUT_RETURN_TYPE = YES_ERROR;
				GCC_WARN_UNDECLARED_SELECTOR = YES;
				GCC_WARN_UNINITIALIZED_AUTOS = YES_AGGRESSIVE;
				GCC_WARN_UNUSED_FUNCTION = YES;
				GCC_WARN_UNUSED_VARIABLE = YES;
				IPHONEOS_DEPLOYMENT_TARGET = 14.4;
				MTL_ENABLE_DEBUG_INFO = NO;
				MTL_FAST_MATH = YES;
				SDKROOT = iphoneos;
				SWIFT_COMPILATION_MODE = wholemodule;
				SWIFT_OPTIMIZATION_LEVEL = "-O";
				VALIDATE_PRODUCT = YES;
			};
			name = Release;
		};
		91CECAED2624CC1D00A0745B /* Debug */ = {
			isa = XCBuildConfiguration;
			buildSettings = {
				ASSETCATALOG_COMPILER_APPICON_NAME = AppIcon;
				ASSETCATALOG_COMPILER_GLOBAL_ACCENT_COLOR_NAME = AccentColor;
				CODE_SIGN_STYLE = Automatic;
				DEVELOPMENT_ASSET_PATHS = "\"Kosciol_Filadelfia_App_Final/Preview Content\"";
				DEVELOPMENT_TEAM = 3K4N4UTFCT;
				ENABLE_PREVIEWS = YES;
				INFOPLIST_FILE = Kosciol_Filadelfia_App_Final/Info.plist;
				IPHONEOS_DEPLOYMENT_TARGET = 14.0;
				LD_RUNPATH_SEARCH_PATHS = (
					"$(inherited)",
					"@executable_path/Frameworks",
				);
				PRODUCT_BUNDLE_IDENTIFIER = "Kosciol-filadelfia.Kosciol-Filadelfia-App-Final";
				PRODUCT_NAME = "$(TARGET_NAME)";
				SWIFT_VERSION = 5.0;
				TARGETED_DEVICE_FAMILY = "1,2";
			};
			name = Debug;
		};
		91CECAEE2624CC1D00A0745B /* Release */ = {
			isa = XCBuildConfiguration;
			buildSettings = {
				ASSETCATALOG_COMPILER_APPICON_NAME = AppIcon;
				ASSETCATALOG_COMPILER_GLOBAL_ACCENT_COLOR_NAME = AccentColor;
				CODE_SIGN_STYLE = Automatic;
				DEVELOPMENT_ASSET_PATHS = "\"Kosciol_Filadelfia_App_Final/Preview Content\"";
				DEVELOPMENT_TEAM = 3K4N4UTFCT;
				ENABLE_PREVIEWS = YES;
				INFOPLIST_FILE = Kosciol_Filadelfia_App_Final/Info.plist;
				IPHONEOS_DEPLOYMENT_TARGET = 14.0;
				LD_RUNPATH_SEARCH_PATHS = (
					"$(inherited)",
					"@executable_path/Frameworks",
				);
				PRODUCT_BUNDLE_IDENTIFIER = "Kosciol-filadelfia.Kosciol-Filadelfia-App-Final";
				PRODUCT_NAME = "$(TARGET_NAME)";
				SWIFT_VERSION = 5.0;
				TARGETED_DEVICE_FAMILY = "1,2";
			};
			name = Release;
		};
/* End XCBuildConfiguration section */

/* Begin XCConfigurationList section */
		91CECAD82624CC1B00A0745B /* Build configuration list for PBXProject "Kosciol_Filadelfia_App_Final" */ = {
			isa = XCConfigurationList;
			buildConfigurations = (
				91CECAEA2624CC1D00A0745B /* Debug */,
				91CECAEB2624CC1D00A0745B /* Release */,
			);
			defaultConfigurationIsVisible = 0;
			defaultConfigurationName = Release;
		};
		91CECAEC2624CC1D00A0745B /* Build configuration list for PBXNativeTarget "Kosciol_Filadelfia_App_Final" */ = {
			isa = XCConfigurationList;
			buildConfigurations = (
				91CECAED2624CC1D00A0745B /* Debug */,
				91CECAEE2624CC1D00A0745B /* Release */,
			);
			defaultConfigurationIsVisible = 0;
			defaultConfigurationName = Release;
		};
/* End XCConfigurationList section */
	};
	rootObject = 91CECAD52624CC1B00A0745B /* Project object */;
}
